
Microsoft Visual Studio Solution File, Format Version 12.00
# Visual Studio 15
Project("{FAE04EC0-301F-11D3-BF4B-00C04F79EFBC}") = "Catalog_REST_API", "Catalog_REST_API\Catalog_REST_API.csproj", "{CD652A4A-1FCB-4121-9648-C1034B8FFD81}"
EndProject
Global
	GlobalSection(SolutionConfigurationPlatforms) = preSolution
		Debug|Any CPU = Debug|Any CPU
		Release|Any CPU = Release|Any CPU
	EndGlobalSection
	GlobalSection(ProjectConfigurationPlatforms) = postSolution
		{CD652A4A-1FCB-4121-9648-C1034B8FFD81}.Debug|Any CPU.ActiveCfg = Debug|Any CPU
		{CD652A4A-1FCB-4121-9648-C1034B8FFD81}.Debug|Any CPU.Build.0 = Debug|Any CPU
		{CD652A4A-1FCB-4121-9648-C1034B8FFD81}.Release|Any CPU.ActiveCfg = Release|Any CPU
		{CD652A4A-1FCB-4121-9648-C1034B8FFD81}.Release|Any CPU.Build.0 = Release|Any CPU
	EndGlobalSection
EndGlobal
